
Microsoft Visual Studio Solution File, Format Version 12.00
# Visual Studio 14
VisualStudioVersion = 14.0.25420.1
MinimumVisualStudioVersion = 10.0.40219.1
Project("{FAE04EC0-301F-11D3-BF4B-00C04F79EFBC}") = "RavuAlHemio.HttpDispatcher", "RavuAlHemio.HttpDispatcher\RavuAlHemio.HttpDispatcher.csproj", "{3E3E19D7-51AF-462C-91EF-E4CB0F3C7883}"
EndProject
Project("{D954291E-2A0B-460D-934E-DC6B0785DB48}") = "HttpDispatcherCommon", "HttpDispatcherCommon\HttpDispatcherCommon.shproj", "{D6AF04E5-906C-4072-A118-26B148A13868}"
EndProject
Project("{8BB2217D-0F2D-49D1-97BC-3654ED321F3B}") = "RavuAlHemio.HttpDispatcher.Kestrel", "RavuAlHemio.HttpDispatcher.Kestrel\RavuAlHemio.HttpDispatcher.Kestrel.xproj", "{CEAB2DB7-8F09-4A76-A2B4-54DBE822014E}"
EndProject
Project("{2150E333-8FDC-42A3-9474-1A3956D46DE8}") = "Demos", "Demos", "{6E4ED721-8DCF-4889-80E9-323658116C3C}"
EndProject
Project("{D954291E-2A0B-460D-934E-DC6B0785DB48}") = "HttpListenerDemoCode", "Demos\HttpListenerDemoCode\HttpListenerDemoCode.shproj", "{20F55871-7C11-4E01-AA5E-1D5F7079A8FB}"
EndProject
Project("{FAE04EC0-301F-11D3-BF4B-00C04F79EFBC}") = "HttpListenerCLIDemo", "Demos\HttpListenerCLIDemo\HttpListenerCLIDemo.csproj", "{09CF67B9-96AC-406C-9597-2B7DC14D7E33}"
EndProject
Project("{FAE04EC0-301F-11D3-BF4B-00C04F79EFBC}") = "HttpListenerServiceDemo", "Demos\HttpListenerServiceDemo\HttpListenerServiceDemo.csproj", "{0B8D7D12-8C77-4D88-A524-458CC71F9600}"
EndProject
Project("{8BB2217D-0F2D-49D1-97BC-3654ED321F3B}") = "KestrelCLIDemo", "Demos\KestrelCLIDemo\KestrelCLIDemo.xproj", "{7BAA4374-FB4B-47CA-8435-4CC4A5F0BBF0}"
EndProject
Project("{D954291E-2A0B-460D-934E-DC6B0785DB48}") = "KestrelDemoCode", "Demos\KestrelDemoCode\KestrelDemoCode.shproj", "{1CB75FDA-3AE7-4599-B801-221B77A14A7B}"
EndProject
Project("{2150E333-8FDC-42A3-9474-1A3956D46DE8}") = "Solution Items", "Solution Items", "{50B8945A-9AC7-47F7-AD78-EF8CA7E58DEA}"
	ProjectSection(SolutionItems) = preProject
		global.json = global.json
	EndProjectSection
EndProject
Project("{8BB2217D-0F2D-49D1-97BC-3654ED321F3B}") = "KestrelServiceDemo", "Demos\KestrelServiceDemo\KestrelServiceDemo.xproj", "{F7B8E58B-EA64-4C70-AA41-7A376AC511FB}"
EndProject
Global
	GlobalSection(SharedMSBuildProjectFiles) = preSolution
		Demos\HttpListenerDemoCode\HttpListenerDemoCode.projitems*{09cf67b9-96ac-406c-9597-2b7dc14d7e33}*SharedItemsImports = 4
		Demos\HttpListenerDemoCode\HttpListenerDemoCode.projitems*{0b8d7d12-8c77-4d88-a524-458cc71f9600}*SharedItemsImports = 4
		Demos\KestrelDemoCode\KestrelDemoCode.projitems*{1cb75fda-3ae7-4599-b801-221b77a14a7b}*SharedItemsImports = 13
		Demos\HttpListenerDemoCode\HttpListenerDemoCode.projitems*{20f55871-7c11-4e01-aa5e-1d5f7079a8fb}*SharedItemsImports = 13
		HttpDispatcherCommon\HttpDispatcherCommon.projitems*{3e3e19d7-51af-462c-91ef-e4cb0f3c7883}*SharedItemsImports = 4
		HttpDispatcherCommon\HttpDispatcherCommon.projitems*{d6af04e5-906c-4072-a118-26b148a13868}*SharedItemsImports = 13
	EndGlobalSection
	GlobalSection(SolutionConfigurationPlatforms) = preSolution
		Debug|Any CPU = Debug|Any CPU
		Release|Any CPU = Release|Any CPU
	EndGlobalSection
	GlobalSection(ProjectConfigurationPlatforms) = postSolution
		{3E3E19D7-51AF-462C-91EF-E4CB0F3C7883}.Debug|Any CPU.ActiveCfg = Debug|Any CPU
		{3E3E19D7-51AF-462C-91EF-E4CB0F3C7883}.Debug|Any CPU.Build.0 = Debug|Any CPU
		{3E3E19D7-51AF-462C-91EF-E4CB0F3C7883}.Release|Any CPU.ActiveCfg = Release|Any CPU
		{3E3E19D7-51AF-462C-91EF-E4CB0F3C7883}.Release|Any CPU.Build.0 = Release|Any CPU
		{CEAB2DB7-8F09-4A76-A2B4-54DBE822014E}.Debug|Any CPU.ActiveCfg = Debug|Any CPU
		{CEAB2DB7-8F09-4A76-A2B4-54DBE822014E}.Debug|Any CPU.Build.0 = Debug|Any CPU
		{CEAB2DB7-8F09-4A76-A2B4-54DBE822014E}.Release|Any CPU.ActiveCfg = Release|Any CPU
		{CEAB2DB7-8F09-4A76-A2B4-54DBE822014E}.Release|Any CPU.Build.0 = Release|Any CPU
		{09CF67B9-96AC-406C-9597-2B7DC14D7E33}.Debug|Any CPU.ActiveCfg = Debug|Any CPU
		{09CF67B9-96AC-406C-9597-2B7DC14D7E33}.Debug|Any CPU.Build.0 = Debug|Any CPU
		{09CF67B9-96AC-406C-9597-2B7DC14D7E33}.Release|Any CPU.ActiveCfg = Release|Any CPU
		{09CF67B9-96AC-406C-9597-2B7DC14D7E33}.Release|Any CPU.Build.0 = Release|Any CPU
		{0B8D7D12-8C77-4D88-A524-458CC71F9600}.Debug|Any CPU.ActiveCfg = Debug|Any CPU
		{0B8D7D12-8C77-4D88-A524-458CC71F9600}.Debug|Any CPU.Build.0 = Debug|Any CPU
		{0B8D7D12-8C77-4D88-A524-458CC71F9600}.Release|Any CPU.ActiveCfg = Release|Any CPU
		{0B8D7D12-8C77-4D88-A524-458CC71F9600}.Release|Any CPU.Build.0 = Release|Any CPU
		{7BAA4374-FB4B-47CA-8435-4CC4A5F0BBF0}.Debug|Any CPU.ActiveCfg = Debug|Any CPU
		{7BAA4374-FB4B-47CA-8435-4CC4A5F0BBF0}.Debug|Any CPU.Build.0 = Debug|Any CPU
		{7BAA4374-FB4B-47CA-8435-4CC4A5F0BBF0}.Release|Any CPU.ActiveCfg = Release|Any CPU
		{7BAA4374-FB4B-47CA-8435-4CC4A5F0BBF0}.Release|Any CPU.Build.0 = Release|Any CPU
		{F7B8E58B-EA64-4C70-AA41-7A376AC511FB}.Debug|Any CPU.ActiveCfg = Debug|Any CPU
		{F7B8E58B-EA64-4C70-AA41-7A376AC511FB}.Debug|Any CPU.Build.0 = Debug|Any CPU
		{F7B8E58B-EA64-4C70-AA41-7A376AC511FB}.Release|Any CPU.ActiveCfg = Release|Any CPU
		{F7B8E58B-EA64-4C70-AA41-7A376AC511FB}.Release|Any CPU.Build.0 = Release|Any CPU
	EndGlobalSection
	GlobalSection(SolutionProperties) = preSolution
		HideSolutionNode = FALSE
	EndGlobalSection
	GlobalSection(NestedProjects) = preSolution
		{20F55871-7C11-4E01-AA5E-1D5F7079A8FB} = {6E4ED721-8DCF-4889-80E9-323658116C3C}
		{09CF67B9-96AC-406C-9597-2B7DC14D7E33} = {6E4ED721-8DCF-4889-80E9-323658116C3C}
		{0B8D7D12-8C77-4D88-A524-458CC71F9600} = {6E4ED721-8DCF-4889-80E9-323658116C3C}
		{7BAA4374-FB4B-47CA-8435-4CC4A5F0BBF0} = {6E4ED721-8DCF-4889-80E9-323658116C3C}
		{1CB75FDA-3AE7-4599-B801-221B77A14A7B} = {6E4ED721-8DCF-4889-80E9-323658116C3C}
		{F7B8E58B-EA64-4C70-AA41-7A376AC511FB} = {6E4ED721-8DCF-4889-80E9-323658116C3C}
	EndGlobalSection
	GlobalSection(MonoDevelopProperties) = preSolution
		StartupItem = RavuAlHemio.HttpDispatcher.csproj
		Policies = $0
		$0.DotNetNamingPolicy = $1
		$1.DirectoryNamespaceAssociation = None
		$1.ResourceNamePolicy = FileFormatDefault
		$0.TextStylePolicy = $2
		$2.inheritsSet = VisualStudio
		$2.inheritsScope = text/plain
		$2.scope = text/x-csharp
		$0.CSharpFormattingPolicy = $3
		$3.IndentSwitchBody = True
		$3.IndentBlocksInsideExpressions = True
		$3.AnonymousMethodBraceStyle = NextLine
		$3.PropertyBraceStyle = NextLine
		$3.PropertyGetBraceStyle = NextLine
		$3.PropertySetBraceStyle = NextLine
		$3.EventBraceStyle = NextLine
		$3.EventAddBraceStyle = NextLine
		$3.EventRemoveBraceStyle = NextLine
		$3.StatementBraceStyle = NextLine
		$3.ElseNewLinePlacement = NewLine
		$3.CatchNewLinePlacement = NewLine
		$3.FinallyNewLinePlacement = NewLine
		$3.WhileNewLinePlacement = DoNotCare
		$3.ArrayInitializerWrapping = DoNotChange
		$3.ArrayInitializerBraceStyle = NextLine
		$3.BeforeMethodDeclarationParentheses = False
		$3.BeforeMethodCallParentheses = False
		$3.BeforeConstructorDeclarationParentheses = False
		$3.NewLineBeforeConstructorInitializerColon = NewLine
		$3.NewLineAfterConstructorInitializerColon = SameLine
		$3.BeforeDelegateDeclarationParentheses = False
		$3.NewParentheses = False
		$3.SpacesBeforeBrackets = False
		$3.inheritsSet = Mono
		$3.inheritsScope = text/x-csharp
		$3.scope = text/x-csharp
	EndGlobalSection
EndGlobal
